
Microsoft Visual Studio Solution File, Format Version 12.00
# Visual Studio Version 16
VisualStudioVersion = 16.0.30611.23
MinimumVisualStudioVersion = 10.0.40219.1
Project("{FAE04EC0-301F-11D3-BF4B-00C04F79EFBC}") = "PersonsApp", "PersonsApp\PersonsApp.csproj", "{BBFBB984-7408-47DC-93F8-E5718819BF9A}"
EndProject
Global
	GlobalSection(SolutionConfigurationPlatforms) = preSolution
		Debug|Any CPU = Debug|Any CPU
		Release|Any CPU = Release|Any CPU
	EndGlobalSection
	GlobalSection(ProjectConfigurationPlatforms) = postSolution
		{BBFBB984-7408-47DC-93F8-E5718819BF9A}.Debug|Any CPU.ActiveCfg = Debug|Any CPU
		{BBFBB984-7408-47DC-93F8-E5718819BF9A}.Debug|Any CPU.Build.0 = Debug|Any CPU
		{BBFBB984-7408-47DC-93F8-E5718819BF9A}.Release|Any CPU.ActiveCfg = Release|Any CPU
		{BBFBB984-7408-47DC-93F8-E5718819BF9A}.Release|Any CPU.Build.0 = Release|Any CPU
	EndGlobalSection
	GlobalSection(SolutionProperties) = preSolution
		HideSolutionNode = FALSE
	EndGlobalSection
	GlobalSection(ExtensibilityGlobals) = postSolution
		SolutionGuid = {4D581998-93D2-4071-AAB9-79139E505B9E}
	EndGlobalSection
EndGlobal
